
Microsoft Visual Studio Solution File, Format Version 12.00
# Visual Studio Version 17
VisualStudioVersion = 17.0.31903.59
MinimumVisualStudioVersion = 10.0.40219.1
Project("{2150E333-8FDC-42A3-9474-1A3956D46DE8}") = "src", "src", "{827E0CD3-B72D-47B6-A68D-7590B98EB39B}"
EndProject
Project("{FAE04EC0-301F-11D3-BF4B-00C04F79EFBC}") = "BJ.Integrador.Service", "src\BJ.Integrador.Service\BJ.Integrador.Service.csproj", "{204B2239-8E70-4DC1-B02F-AB44EAC528FC}"
EndProject
Project("{2150E333-8FDC-42A3-9474-1A3956D46DE8}") = "tests", "tests", "{0AB3BF05-4346-4AA6-1389-037BE0695223}"
EndProject
Project("{FAE04EC0-301F-11D3-BF4B-00C04F79EFBC}") = "BJ.Integrador.Tests", "tests\BJ.Integrador.Tests\BJ.Integrador.Tests.csproj", "{13355E2D-27F6-43B1-9EFF-7FA8F92D6D10}"
EndProject
Project("{FAE04EC0-301F-11D3-BF4B-00C04F79EFBC}") = "BJ.Integrador.Monitor", "src\BJ.Integrador.Monitor\BJ.Integrador.Monitor.csproj", "{2C3C6AF7-BA16-4112-B94E-B84F2D455B17}"
EndProject
Global
	GlobalSection(SolutionConfigurationPlatforms) = preSolution
		Debug|Any CPU = Debug|Any CPU
		Debug|x64 = Debug|x64
		Debug|x86 = Debug|x86
		Release|Any CPU = Release|Any CPU
		Release|x64 = Release|x64
		Release|x86 = Release|x86
	EndGlobalSection
	GlobalSection(ProjectConfigurationPlatforms) = postSolution
		{204B2239-8E70-4DC1-B02F-AB44EAC528FC}.Debug|Any CPU.ActiveCfg = Debug|Any CPU
		{204B2239-8E70-4DC1-B02F-AB44EAC528FC}.Debug|Any CPU.Build.0 = Debug|Any CPU
		{204B2239-8E70-4DC1-B02F-AB44EAC528FC}.Debug|x64.ActiveCfg = Debug|Any CPU
		{204B2239-8E70-4DC1-B02F-AB44EAC528FC}.Debug|x64.Build.0 = Debug|Any CPU
		{204B2239-8E70-4DC1-B02F-AB44EAC528FC}.Debug|x86.ActiveCfg = Debug|Any CPU
		{204B2239-8E70-4DC1-B02F-AB44EAC528FC}.Debug|x86.Build.0 = Debug|Any CPU
		{204B2239-8E70-4DC1-B02F-AB44EAC528FC}.Release|Any CPU.ActiveCfg = Release|Any CPU
		{204B2239-8E70-4DC1-B02F-AB44EAC528FC}.Release|Any CPU.Build.0 = Release|Any CPU
		{204B2239-8E70-4DC1-B02F-AB44EAC528FC}.Release|x64.ActiveCfg = Release|Any CPU
		{204B2239-8E70-4DC1-B02F-AB44EAC528FC}.Release|x64.Build.0 = Release|Any CPU
		{204B2239-8E70-4DC1-B02F-AB44EAC528FC}.Release|x86.ActiveCfg = Release|Any CPU
		{204B2239-8E70-4DC1-B02F-AB44EAC528FC}.Release|x86.Build.0 = Release|Any CPU
		{13355E2D-27F6-43B1-9EFF-7FA8F92D6D10}.Debug|Any CPU.ActiveCfg = Debug|Any CPU
		{13355E2D-27F6-43B1-9EFF-7FA8F92D6D10}.Debug|Any CPU.Build.0 = Debug|Any CPU
		{13355E2D-27F6-43B1-9EFF-7FA8F92D6D10}.Debug|x64.ActiveCfg = Debug|Any CPU
		{13355E2D-27F6-43B1-9EFF-7FA8F92D6D10}.Debug|x64.Build.0 = Debug|Any CPU
		{13355E2D-27F6-43B1-9EFF-7FA8F92D6D10}.Debug|x86.ActiveCfg = Debug|Any CPU
		{13355E2D-27F6-43B1-9EFF-7FA8F92D6D10}.Debug|x86.Build.0 = Debug|Any CPU
		{13355E2D-27F6-43B1-9EFF-7FA8F92D6D10}.Release|Any CPU.ActiveCfg = Release|Any CPU
		{13355E2D-27F6-43B1-9EFF-7FA8F92D6D10}.Release|Any CPU.Build.0 = Release|Any CPU
		{13355E2D-27F6-43B1-9EFF-7FA8F92D6D10}.Release|x64.ActiveCfg = Release|Any CPU
		{13355E2D-27F6-43B1-9EFF-7FA8F92D6D10}.Release|x64.Build.0 = Release|Any CPU
		{13355E2D-27F6-43B1-9EFF-7FA8F92D6D10}.Release|x86.ActiveCfg = Release|Any CPU
		{13355E2D-27F6-43B1-9EFF-7FA8F92D6D10}.Release|x86.Build.0 = Release|Any CPU
		{2C3C6AF7-BA16-4112-B94E-B84F2D455B17}.Debug|Any CPU.ActiveCfg = Debug|Any CPU
		{2C3C6AF7-BA16-4112-B94E-B84F2D455B17}.Debug|Any CPU.Build.0 = Debug|Any CPU
		{2C3C6AF7-BA16-4112-B94E-B84F2D455B17}.Debug|x64.ActiveCfg = Debug|Any CPU
		{2C3C6AF7-BA16-4112-B94E-B84F2D455B17}.Debug|x64.Build.0 = Debug|Any CPU
		{2C3C6AF7-BA16-4112-B94E-B84F2D455B17}.Debug|x86.ActiveCfg = Debug|Any CPU
		{2C3C6AF7-BA16-4112-B94E-B84F2D455B17}.Debug|x86.Build.0 = Debug|Any CPU
		{2C3C6AF7-BA16-4112-B94E-B84F2D455B17}.Release|Any CPU.ActiveCfg = Release|Any CPU
		{2C3C6AF7-BA16-4112-B94E-B84F2D455B17}.Release|Any CPU.Build.0 = Release|Any CPU
		{2C3C6AF7-BA16-4112-B94E-B84F2D455B17}.Release|x64.ActiveCfg = Release|Any CPU
		{2C3C6AF7-BA16-4112-B94E-B84F2D455B17}.Release|x64.Build.0 = Release|Any CPU
		{2C3C6AF7-BA16-4112-B94E-B84F2D455B17}.Release|x86.ActiveCfg = Release|Any CPU
		{2C3C6AF7-BA16-4112-B94E-B84F2D455B17}.Release|x86.Build.0 = Release|Any CPU
	EndGlobalSection
	GlobalSection(SolutionProperties) = preSolution
		HideSolutionNode = FALSE
	EndGlobalSection
	GlobalSection(NestedProjects) = preSolution
		{204B2239-8E70-4DC1-B02F-AB44EAC528FC} = {827E0CD3-B72D-47B6-A68D-7590B98EB39B}
		{13355E2D-27F6-43B1-9EFF-7FA8F92D6D10} = {0AB3BF05-4346-4AA6-1389-037BE0695223}
		{2C3C6AF7-BA16-4112-B94E-B84F2D455B17} = {827E0CD3-B72D-47B6-A68D-7590B98EB39B}
	EndGlobalSection
EndGlobal
